<?xml version="1.0" encoding="utf-8"?>
<Project ToolsVersion="4.0" xmlns="http://schemas.microsoft.com/developer/msbuild/2003">
  <ItemGroup>
    <Filter Include="소스 파일">
      <UniqueIdentifier>{4FC737F1-C7A5-4376-A066-2A32D752A2FF}</UniqueIdentifier>
      <Extensions>cpp;c;cc;cxx;c++;cppm;ixx;def;odl;idl;hpj;bat;asm;asmx</Extensions>
    </Filter>
    <Filter Include="헤더 파일">
      <UniqueIdentifier>{93995380-89BD-4b04-88EB-625FBE52EBFB}</UniqueIdentifier>
      <Extensions>h;hh;hpp;hxx;h++;hm;inl;inc;ipp;xsd</Extensions>
    </Filter>
    <Filter Include="소스 파일\NetLibCpp">
      <UniqueIdentifier>{8da1ebf4-83c4-44d0-980f-2cd941b252ff}</UniqueIdentifier>
    </Filter>
    <Filter Include="헤더 파일\ChatServerHeader">
      <UniqueIdentifier>{aac85cda-488b-4a1a-b96b-f4bcbff792f2}</UniqueIdentifier>
    </Filter>
    <Filter Include="소스 파일\ChatServerCpp">
      <UniqueIdentifier>{c4d0b288-ae99-4b12-b645-3625d741d8d7}</UniqueIdentifier>
    </Filter>
    <Filter Include="헤더 파일\NetLibHeader">
      <UniqueIdentifier>{57131887-8e27-40cf-ba0a-cf7847f2cc34}</UniqueIdentifier>
    </Filter>
  </ItemGroup>
  <ItemGroup>
    <ClInclude Include="CLinkedList.h">
      <Filter>헤더 파일\ChatServerHeader</Filter>
    </ClInclude>
    <ClInclude Include="CMessageQ.h">
      <Filter>헤더 파일\ChatServerHeader</Filter>
    </ClInclude>
    <ClInclude Include="CommonProtocol.h">
      <Filter>헤더 파일\ChatServerHeader</Filter>
    </ClInclude>
    <ClInclude Include="CSCContents.h">
      <Filter>헤더 파일\ChatServerHeader</Filter>
    </ClInclude>
    <ClInclude Include="Job.h">
      <Filter>헤더 파일\ChatServerHeader</Filter>
    </ClInclude>
    <ClInclude Include="MemLog.h">
      <Filter>헤더 파일\ChatServerHeader</Filter>
    </ClInclude>
    <ClInclude Include="Player.h">
      <Filter>헤더 파일\ChatServerHeader</Filter>
    </ClInclude>
    <ClInclude Include="SCCContents.h">
      <Filter>헤더 파일\ChatServerHeader</Filter>
    </ClInclude>
    <ClInclude Include="Sector.h">
      <Filter>헤더 파일\ChatServerHeader</Filter>
    </ClInclude>
    <ClInclude Include="ChatServer.h">
      <Filter>헤더 파일\ChatServerHeader</Filter>
    </ClInclude>
    <ClInclude Include="..\..\NetServer\NetServer\NetServer\RingBuffer.h">
      <Filter>헤더 파일\NetLibHeader</Filter>
    </ClInclude>
    <ClInclude Include="..\..\NetServer\NetServer\NetServer\Session.h">
      <Filter>헤더 파일\NetLibHeader</Filter>
    </ClInclude>
    <ClInclude Include="..\..\NetServer\NetServer\NetServer\CAddressTranslator.h">
      <Filter>헤더 파일\NetLibHeader</Filter>
    </ClInclude>
    <ClInclude Include="..\..\NetServer\NetServer\NetServer\CLockFreeObjectPool.h">
      <Filter>헤더 파일\NetLibHeader</Filter>
    </ClInclude>
    <ClInclude Include="..\..\NetServer\NetServer\NetServer\CLockFreeQueue.h">
      <Filter>헤더 파일\NetLibHeader</Filter>
    </ClInclude>
    <ClInclude Include="..\..\NetServer\NetServer\NetServer\CLockFreeStack.h">
      <Filter>헤더 파일\NetLibHeader</Filter>
    </ClInclude>
    <ClInclude Include="..\..\NetServer\NetServer\NetServer\CTlsObjectPool.h">
      <Filter>헤더 파일\NetLibHeader</Filter>
    </ClInclude>
    <ClInclude Include="..\..\NetServer\NetServer\NetServer\ErrType.h">
      <Filter>헤더 파일\NetLibHeader</Filter>
    </ClInclude>
    <ClInclude Include="..\..\NetServer\NetServer\NetServer\HMonitor.h">
      <Filter>헤더 파일\NetLibHeader</Filter>
    </ClInclude>
    <ClInclude Include="..\..\NetServer\NetServer\NetServer\IHandler.h">
      <Filter>헤더 파일\NetLibHeader</Filter>
    </ClInclude>
    <ClInclude Include="..\..\NetServer\NetServer\NetServer\Logger.h">
      <Filter>헤더 파일\NetLibHeader</Filter>
    </ClInclude>
    <ClInclude Include="..\..\NetServer\NetServer\NetServer\MYOVERLAPPED.h">
      <Filter>헤더 파일\NetLibHeader</Filter>
    </ClInclude>
    <ClInclude Include="..\..\NetServer\NetServer\NetServer\NetServer.h">
      <Filter>헤더 파일\NetLibHeader</Filter>
    </ClInclude>
    <ClInclude Include="..\..\NetServer\NetServer\NetServer\Packet.h">
      <Filter>헤더 파일\NetLibHeader</Filter>
    </ClInclude>
    <ClInclude Include="..\..\NetServer\NetServer\NetServer\Parser.h">
      <Filter>헤더 파일\NetLibHeader</Filter>
    </ClInclude>
    <ClInclude Include="..\..\NetServer\NetServer\NetServer\Timer.h">
      <Filter>헤더 파일\NetLibHeader</Filter>
    </ClInclude>
  </ItemGroup>
  <ItemGroup>
    <ClCompile Include="CLinkedList.cpp">
      <Filter>소스 파일\ChatServerCpp</Filter>
    </ClCompile>
    <ClCompile Include="CMessageQ.cpp">
      <Filter>소스 파일\ChatServerCpp</Filter>
    </ClCompile>
    <ClCompile Include="CSCContents.cpp">
      <Filter>소스 파일\ChatServerCpp</Filter>
    </ClCompile>
    <ClCompile Include="main.cpp">
      <Filter>소스 파일\ChatServerCpp</Filter>
    </ClCompile>
    <ClCompile Include="MemLog.cpp">
      <Filter>소스 파일\ChatServerCpp</Filter>
    </ClCompile>
    <ClCompile Include="SCCContents.cpp">
      <Filter>소스 파일\ChatServerCpp</Filter>
    </ClCompile>
    <ClCompile Include="Sector.cpp">
      <Filter>소스 파일\ChatServerCpp</Filter>
    </ClCompile>
    <ClCompile Include="update.cpp">
      <Filter>소스 파일\ChatServerCpp</Filter>
    </ClCompile>
    <ClCompile Include="ChatServer.cpp">
      <Filter>소스 파일\ChatServerCpp</Filter>
    </ClCompile>
    <ClCompile Include="..\..\NetServer\NetServer\NetServer\HMonitor.cpp">
      <Filter>소스 파일\NetLibCpp</Filter>
    </ClCompile>
    <ClCompile Include="..\..\NetServer\NetServer\NetServer\RingBuffer.cpp">
      <Filter>소스 파일\NetLibCpp</Filter>
    </ClCompile>
    <ClCompile Include="..\..\NetServer\NetServer\NetServer\Session.cpp">
      <Filter>소스 파일\NetLibCpp</Filter>
    </ClCompile>
    <ClCompile Include="..\..\NetServer\NetServer\NetServer\NetServer.cpp">
      <Filter>소스 파일\NetLibCpp</Filter>
    </ClCompile>
    <ClCompile Include="..\..\NetServer\NetServer\NetServer\Timer.cpp">
      <Filter>소스 파일\NetLibCpp</Filter>
    </ClCompile>
  </ItemGroup>
</Project>