<?xml version="1.0" encoding="utf-8"?>
<Project ToolsVersion="4.0" xmlns="http://schemas.microsoft.com/developer/msbuild/2003">
  <ItemGroup>
    <Filter Include="소스 파일">
      <UniqueIdentifier>{4FC737F1-C7A5-4376-A066-2A32D752A2FF}</UniqueIdentifier>
      <Extensions>cpp;c;cc;cxx;c++;cppm;ixx;def;odl;idl;hpj;bat;asm;asmx</Extensions>
    </Filter>
    <Filter Include="헤더 파일">
      <UniqueIdentifier>{93995380-89BD-4b04-88EB-625FBE52EBFB}</UniqueIdentifier>
      <Extensions>h;hh;hpp;hxx;h++;hm;inl;inc;ipp;xsd</Extensions>
    </Filter>
    <Filter Include="소스 파일\NetLibCpp">
      <UniqueIdentifier>{8da1ebf4-83c4-44d0-980f-2cd941b252ff}</UniqueIdentifier>
    </Filter>
    <Filter Include="헤더 파일\ChatServerHeader">
      <UniqueIdentifier>{aac85cda-488b-4a1a-b96b-f4bcbff792f2}</UniqueIdentifier>
    </Filter>
    <Filter Include="소스 파일\ChatServerCpp">
      <UniqueIdentifier>{c4d0b288-ae99-4b12-b645-3625d741d8d7}</UniqueIdentifier>
    </Filter>
    <Filter Include="헤더 파일\NetLibHeader">
      <UniqueIdentifier>{57131887-8e27-40cf-ba0a-cf7847f2cc34}</UniqueIdentifier>
    </Filter>
    <Filter Include="ServerCommon">
      <UniqueIdentifier>{3d0419ea-5929-4b2b-b4ec-a3bf8fd8cfb0}</UniqueIdentifier>
    </Filter>
    <Filter Include="ServerCommon\DataStructure">
      <UniqueIdentifier>{97836426-2c3e-46ad-a531-6357e3ffd7de}</UniqueIdentifier>
    </Filter>
    <Filter Include="ServerCommon\DB">
      <UniqueIdentifier>{323e4da8-efce-4145-baeb-69fd6ec86fde}</UniqueIdentifier>
    </Filter>
    <Filter Include="ServerCommon\Job">
      <UniqueIdentifier>{31d290bf-d29d-40d4-9a2a-2db1ca7bb53c}</UniqueIdentifier>
    </Filter>
    <Filter Include="ServerCommon\Logger">
      <UniqueIdentifier>{27592404-4e1c-459e-9197-fb6b5b3a7d40}</UniqueIdentifier>
    </Filter>
    <Filter Include="ServerCommon\Monitor">
      <UniqueIdentifier>{4b1ff9b6-053a-42c4-b00c-16d13e3d0fbd}</UniqueIdentifier>
    </Filter>
    <Filter Include="ServerCommon\NetWork">
      <UniqueIdentifier>{cd04a2ae-cb18-4fa7-b739-739e47b85b28}</UniqueIdentifier>
    </Filter>
    <Filter Include="ServerCommon\Parser">
      <UniqueIdentifier>{6b0a5258-879a-437f-b652-b1c214dfbb6f}</UniqueIdentifier>
    </Filter>
    <Filter Include="ServerCommon\UpdateAndTimer">
      <UniqueIdentifier>{680afefa-bac3-4582-a5b9-4d46f49fb4cb}</UniqueIdentifier>
    </Filter>
  </ItemGroup>
  <ItemGroup>
    <ClInclude Include="CMessageQ.h">
      <Filter>헤더 파일\ChatServerHeader</Filter>
    </ClInclude>
    <ClInclude Include="CommonProtocol.h">
      <Filter>헤더 파일\ChatServerHeader</Filter>
    </ClInclude>
    <ClInclude Include="CSCContents.h">
      <Filter>헤더 파일\ChatServerHeader</Filter>
    </ClInclude>
    <ClInclude Include="Job.h">
      <Filter>헤더 파일\ChatServerHeader</Filter>
    </ClInclude>
    <ClInclude Include="MemLog.h">
      <Filter>헤더 파일\ChatServerHeader</Filter>
    </ClInclude>
    <ClInclude Include="Player.h">
      <Filter>헤더 파일\ChatServerHeader</Filter>
    </ClInclude>
    <ClInclude Include="SCCContents.h">
      <Filter>헤더 파일\ChatServerHeader</Filter>
    </ClInclude>
    <ClInclude Include="Sector.h">
      <Filter>헤더 파일\ChatServerHeader</Filter>
    </ClInclude>
    <ClInclude Include="ChatServer.h">
      <Filter>헤더 파일\ChatServerHeader</Filter>
    </ClInclude>
    <ClInclude Include="..\..\NetServer\NetServer\NetServer\ErrType.h">
      <Filter>헤더 파일\NetLibHeader</Filter>
    </ClInclude>
    <ClInclude Include="..\..\NetServer\NetServer\NetServer\IHandler.h">
      <Filter>헤더 파일\NetLibHeader</Filter>
    </ClInclude>
    <ClInclude Include="..\..\NetServer\NetServer\NetServer\NetServer.h">
      <Filter>헤더 파일\NetLibHeader</Filter>
    </ClInclude>
    <ClInclude Include="..\..\NetServer\NetServer\NetServer\UpdateBase.h">
      <Filter>헤더 파일\NetLibHeader</Filter>
    </ClInclude>
    <ClInclude Include="ChattingUpdate.h">
      <Filter>헤더 파일\ChatServerHeader</Filter>
    </ClInclude>
    <ClInclude Include="..\..\ServerCommon\ServerCommon\Assert.h">
      <Filter>ServerCommon</Filter>
    </ClInclude>
    <ClInclude Include="..\..\ServerCommon\ServerCommon\MYOVERLAPPED.h">
      <Filter>ServerCommon</Filter>
    </ClInclude>
    <ClInclude Include="..\..\ServerCommon\ServerCommon\DataStructure\CAddressTranslator.h">
      <Filter>ServerCommon\DataStructure</Filter>
    </ClInclude>
    <ClInclude Include="..\..\ServerCommon\ServerCommon\DataStructure\CLinkedList.h">
      <Filter>ServerCommon\DataStructure</Filter>
    </ClInclude>
    <ClInclude Include="..\..\ServerCommon\ServerCommon\DataStructure\CLockFreeObjectPool.h">
      <Filter>ServerCommon\DataStructure</Filter>
    </ClInclude>
    <ClInclude Include="..\..\ServerCommon\ServerCommon\DataStructure\CLockFreeQueue.h">
      <Filter>ServerCommon\DataStructure</Filter>
    </ClInclude>
    <ClInclude Include="..\..\ServerCommon\ServerCommon\DataStructure\CLockFreeStack.h">
      <Filter>ServerCommon\DataStructure</Filter>
    </ClInclude>
    <ClInclude Include="..\..\ServerCommon\ServerCommon\DataStructure\CTlsObjectPool.h">
      <Filter>ServerCommon\DataStructure</Filter>
    </ClInclude>
    <ClInclude Include="..\..\ServerCommon\ServerCommon\DB\QueryFactory.h">
      <Filter>ServerCommon\DB</Filter>
    </ClInclude>
    <ClInclude Include="..\..\ServerCommon\ServerCommon\Job\MyJob.h">
      <Filter>ServerCommon\Job</Filter>
    </ClInclude>
    <ClInclude Include="..\..\ServerCommon\ServerCommon\Logger\Logger.h">
      <Filter>ServerCommon\Logger</Filter>
    </ClInclude>
    <ClInclude Include="..\..\ServerCommon\ServerCommon\Monitor\HMonitor.h">
      <Filter>ServerCommon\Monitor</Filter>
    </ClInclude>
    <ClInclude Include="..\..\ServerCommon\ServerCommon\Monitor\Monitorable.h">
      <Filter>ServerCommon\Monitor</Filter>
    </ClInclude>
    <ClInclude Include="..\..\ServerCommon\ServerCommon\NetWork\RingBuffer.h">
      <Filter>ServerCommon\NetWork</Filter>
    </ClInclude>
    <ClInclude Include="..\..\ServerCommon\ServerCommon\NetWork\Packet.h">
      <Filter>ServerCommon\NetWork</Filter>
    </ClInclude>
    <ClInclude Include="..\..\ServerCommon\ServerCommon\Parser\Parser.h">
      <Filter>ServerCommon\Parser</Filter>
    </ClInclude>
    <ClInclude Include="..\..\ServerCommon\ServerCommon\UpdateAndTimer\Timer.h">
      <Filter>ServerCommon\UpdateAndTimer</Filter>
    </ClInclude>
    <ClInclude Include="..\..\ServerCommon\ServerCommon\UpdateAndTimer\UpdateBase.h">
      <Filter>ServerCommon\UpdateAndTimer</Filter>
    </ClInclude>
    <ClInclude Include="..\..\NetServer\NetServer\NetServer\NetSession.h">
      <Filter>헤더 파일\NetLibHeader</Filter>
    </ClInclude>
  </ItemGroup>
  <ItemGroup>
    <ClCompile Include="CMessageQ.cpp">
      <Filter>소스 파일\ChatServerCpp</Filter>
    </ClCompile>
    <ClCompile Include="CSCContents.cpp">
      <Filter>소스 파일\ChatServerCpp</Filter>
    </ClCompile>
    <ClCompile Include="main.cpp">
      <Filter>소스 파일\ChatServerCpp</Filter>
    </ClCompile>
    <ClCompile Include="MemLog.cpp">
      <Filter>소스 파일\ChatServerCpp</Filter>
    </ClCompile>
    <ClCompile Include="SCCContents.cpp">
      <Filter>소스 파일\ChatServerCpp</Filter>
    </ClCompile>
    <ClCompile Include="Sector.cpp">
      <Filter>소스 파일\ChatServerCpp</Filter>
    </ClCompile>
    <ClCompile Include="ChatServer.cpp">
      <Filter>소스 파일\ChatServerCpp</Filter>
    </ClCompile>
    <ClCompile Include="..\..\NetServer\NetServer\NetServer\NetServer.cpp">
      <Filter>소스 파일\NetLibCpp</Filter>
    </ClCompile>
    <ClCompile Include="ChattingUpdate.cpp">
      <Filter>소스 파일\ChatServerCpp</Filter>
    </ClCompile>
    <ClCompile Include="..\..\ServerCommon\ServerCommon\DataStructure\CLinkedList.cpp">
      <Filter>ServerCommon\DataStructure</Filter>
    </ClCompile>
    <ClCompile Include="..\..\ServerCommon\ServerCommon\DB\QueryFactory.cpp">
      <Filter>ServerCommon\DB</Filter>
    </ClCompile>
    <ClCompile Include="..\..\ServerCommon\ServerCommon\Monitor\HMonitor.cpp">
      <Filter>ServerCommon\Monitor</Filter>
    </ClCompile>
    <ClCompile Include="..\..\ServerCommon\ServerCommon\NetWork\RingBuffer.cpp">
      <Filter>ServerCommon\NetWork</Filter>
    </ClCompile>
    <ClCompile Include="..\..\ServerCommon\ServerCommon\UpdateAndTimer\UpdateBase.cpp">
      <Filter>ServerCommon\UpdateAndTimer</Filter>
    </ClCompile>
    <ClCompile Include="..\..\ServerCommon\ServerCommon\UpdateAndTimer\Timer.cpp">
      <Filter>ServerCommon\UpdateAndTimer</Filter>
    </ClCompile>
    <ClCompile Include="..\..\NetServer\NetServer\NetServer\NetSession.cpp">
      <Filter>소스 파일\ChatServerCpp</Filter>
    </ClCompile>
  </ItemGroup>
  <ItemGroup>
    <None Include="..\..\ServerCommon\ServerCommon\DB\libcrypto-3-x64.dll">
      <Filter>ServerCommon\DB</Filter>
    </None>
    <None Include="..\..\ServerCommon\ServerCommon\DB\libmysql.dll">
      <Filter>ServerCommon\DB</Filter>
    </None>
    <None Include="..\..\ServerCommon\ServerCommon\DB\libssl-3-x64.dll">
      <Filter>ServerCommon\DB</Filter>
    </None>
    <None Include="..\..\ServerCommon\ServerCommon\Logger\LoggerMT.dll">
      <Filter>ServerCommon\Logger</Filter>
    </None>
    <None Include="..\..\ServerCommon\ServerCommon\Parser\TextParser.dll">
      <Filter>ServerCommon\Parser</Filter>
    </None>
  </ItemGroup>
  <ItemGroup>
    <Library Include="..\..\ServerCommon\ServerCommon\DB\libmysql.lib">
      <Filter>ServerCommon\DB</Filter>
    </Library>
    <Library Include="..\..\ServerCommon\ServerCommon\Logger\LoggerMT.lib">
      <Filter>ServerCommon\Logger</Filter>
    </Library>
    <Library Include="..\..\ServerCommon\ServerCommon\Parser\TextParser.lib">
      <Filter>ServerCommon\Parser</Filter>
    </Library>
  </ItemGroup>
</Project>